
Microsoft Visual Studio Solution File, Format Version 12.00
# Visual Studio Version 16
VisualStudioVersion = 16.0.31729.503
MinimumVisualStudioVersion = 10.0.40219.1
Project("{FAE04EC0-301F-11D3-BF4B-00C04F79EFBC}") = "testing", "testing\testing.csproj", "{017B8E2A-64A3-47D5-BE13-6EE1655DF98D}"
EndProject
Global
	GlobalSection(SolutionConfigurationPlatforms) = preSolution
		Debug|Any CPU = Debug|Any CPU
		Release|Any CPU = Release|Any CPU
	EndGlobalSection
	GlobalSection(ProjectConfigurationPlatforms) = postSolution
		{017B8E2A-64A3-47D5-BE13-6EE1655DF98D}.Debug|Any CPU.ActiveCfg = Debug|Any CPU
		{017B8E2A-64A3-47D5-BE13-6EE1655DF98D}.Debug|Any CPU.Build.0 = Debug|Any CPU
		{017B8E2A-64A3-47D5-BE13-6EE1655DF98D}.Release|Any CPU.ActiveCfg = Release|Any CPU
		{017B8E2A-64A3-47D5-BE13-6EE1655DF98D}.Release|Any CPU.Build.0 = Release|Any CPU
	EndGlobalSection
	GlobalSection(SolutionProperties) = preSolution
		HideSolutionNode = FALSE
	EndGlobalSection
	GlobalSection(ExtensibilityGlobals) = postSolution
		SolutionGuid = {6649FC65-DD64-4328-B14B-5F030B90B3F0}
	EndGlobalSection
EndGlobal
